
Microsoft Visual Studio Solution File, Format Version 12.00
# Visual Studio Version 17
VisualStudioVersion = 17.14.36414.22 d17.14
MinimumVisualStudioVersion = 10.0.40219.1
Project("{FAE04EC0-301F-11D3-BF4B-00C04F79EFBC}") = "SixteenClothing", "SixteenClothing.csproj", "{E2431CB8-C18F-4FDE-955D-7E07E01A6554}"
EndProject
Global
	GlobalSection(SolutionConfigurationPlatforms) = preSolution
		Debug|Any CPU = Debug|Any CPU
		Release|Any CPU = Release|Any CPU
	EndGlobalSection
	GlobalSection(ProjectConfigurationPlatforms) = postSolution
		{E2431CB8-C18F-4FDE-955D-7E07E01A6554}.Debug|Any CPU.ActiveCfg = Debug|Any CPU
		{E2431CB8-C18F-4FDE-955D-7E07E01A6554}.Debug|Any CPU.Build.0 = Debug|Any CPU
		{E2431CB8-C18F-4FDE-955D-7E07E01A6554}.Release|Any CPU.ActiveCfg = Release|Any CPU
		{E2431CB8-C18F-4FDE-955D-7E07E01A6554}.Release|Any CPU.Build.0 = Release|Any CPU
	EndGlobalSection
	GlobalSection(SolutionProperties) = preSolution
		HideSolutionNode = FALSE
	EndGlobalSection
	GlobalSection(ExtensibilityGlobals) = postSolution
		SolutionGuid = {F224CDFE-1C29-4A55-9937-421736E87A51}
	EndGlobalSection
EndGlobal
